// !$*UTF8*$!
{
	archiveVersion = 1;
	classes = {
	};
	objectVersion = 55;
	objects = {

/* Begin PBXBuildFile section */
		19EE854F29F65E34009BEE96 /* TCG_mobileApp.swift in Sources */ = {isa = PBXBuildFile; fileRef = 19EE854E29F65E34009BEE96 /* TCG_mobileApp.swift */; };
		19EE855329F65E35009BEE96 /* Assets.xcassets in Resources */ = {isa = PBXBuildFile; fileRef = 19EE855229F65E35009BEE96 /* Assets.xcassets */; };
		19EE855629F65E35009BEE96 /* Preview Assets.xcassets in Resources */ = {isa = PBXBuildFile; fileRef = 19EE855529F65E35009BEE96 /* Preview Assets.xcassets */; };
		19EE855E29F6772B009BEE96 /* TextfieldWithIcon.swift in Sources */ = {isa = PBXBuildFile; fileRef = 19EE855D29F6772B009BEE96 /* TextfieldWithIcon.swift */; };
		19EE856029F69044009BEE96 /* HorizoantalLine.swift in Sources */ = {isa = PBXBuildFile; fileRef = 19EE855F29F69044009BEE96 /* HorizoantalLine.swift */; };
		19EE856529F69101009BEE96 /* LoginView.swift in Sources */ = {isa = PBXBuildFile; fileRef = 19EE856429F69101009BEE96 /* LoginView.swift */; };
		19EE856729F6918B009BEE96 /* LoginViewModel.swift in Sources */ = {isa = PBXBuildFile; fileRef = 19EE856629F6918B009BEE96 /* LoginViewModel.swift */; };
		19EE856A29F691AA009BEE96 /* Validations.swift in Sources */ = {isa = PBXBuildFile; fileRef = 19EE856929F691AA009BEE96 /* Validations.swift */; };
		19EE856D29F79081009BEE96 /* APIHelper.swift in Sources */ = {isa = PBXBuildFile; fileRef = 19EE856C29F79081009BEE96 /* APIHelper.swift */; };
		19EE857029F79248009BEE96 /* AppURLs.swift in Sources */ = {isa = PBXBuildFile; fileRef = 19EE856F29F79248009BEE96 /* AppURLs.swift */; };
		19EE857529F7A4DA009BEE96 /* LoginModel.swift in Sources */ = {isa = PBXBuildFile; fileRef = 19EE857429F7A4DA009BEE96 /* LoginModel.swift */; };
		19EE857729F7A9F7009BEE96 /* Constants.swift in Sources */ = {isa = PBXBuildFile; fileRef = 19EE857629F7A9F7009BEE96 /* Constants.swift */; };
		19EE857A29F7D531009BEE96 /* LoadingView.swift in Sources */ = {isa = PBXBuildFile; fileRef = 19EE857929F7D531009BEE96 /* LoadingView.swift */; };
		19EE857F29F7DF93009BEE96 /* credentials.plist in Resources */ = {isa = PBXBuildFile; fileRef = 19EE857E29F7DF93009BEE96 /* credentials.plist */; };
		19EE858229F8E6C5009BEE96 /* NavigationRoutes.swift in Sources */ = {isa = PBXBuildFile; fileRef = 19EE858129F8E6C5009BEE96 /* NavigationRoutes.swift */; };
		19EE858829F92A90009BEE96 /* ProductListingViewModel.swift in Sources */ = {isa = PBXBuildFile; fileRef = 19EE858729F92A90009BEE96 /* ProductListingViewModel.swift */; };
		19EE858E29F92AB9009BEE96 /* ProductListingModel.swift in Sources */ = {isa = PBXBuildFile; fileRef = 19EE858D29F92AB9009BEE96 /* ProductListingModel.swift */; };
		19EE859029F92B1F009BEE96 /* ProductListingView.swift in Sources */ = {isa = PBXBuildFile; fileRef = 19EE858F29F92B1F009BEE96 /* ProductListingView.swift */; };
		ED1B595F1A029C6CB4BFD361 /* Pods_TCG_mobile.framework in Frameworks */ = {isa = PBXBuildFile; fileRef = 1F0C305B7CB7DEF9CABD72B3 /* Pods_TCG_mobile.framework */; };
/* End PBXBuildFile section */

/* Begin PBXFileReference section */
		19EE854B29F65E34009BEE96 /* TCG mobile.app */ = {isa = PBXFileReference; explicitFileType = wrapper.application; includeInIndex = 0; path = "TCG mobile.app"; sourceTree = BUILT_PRODUCTS_DIR; };
		19EE854E29F65E34009BEE96 /* TCG_mobileApp.swift */ = {isa = PBXFileReference; lastKnownFileType = sourcecode.swift; path = TCG_mobileApp.swift; sourceTree = "<group>"; };
		19EE855229F65E35009BEE96 /* Assets.xcassets */ = {isa = PBXFileReference; lastKnownFileType = folder.assetcatalog; path = Assets.xcassets; sourceTree = "<group>"; };
		19EE855529F65E35009BEE96 /* Preview Assets.xcassets */ = {isa = PBXFileReference; lastKnownFileType = folder.assetcatalog; path = "Preview Assets.xcassets"; sourceTree = "<group>"; };
		19EE855D29F6772B009BEE96 /* TextfieldWithIcon.swift */ = {isa = PBXFileReference; lastKnownFileType = sourcecode.swift; path = TextfieldWithIcon.swift; sourceTree = "<group>"; };
		19EE855F29F69044009BEE96 /* HorizoantalLine.swift */ = {isa = PBXFileReference; lastKnownFileType = sourcecode.swift; path = HorizoantalLine.swift; sourceTree = "<group>"; };
		19EE856429F69101009BEE96 /* LoginView.swift */ = {isa = PBXFileReference; lastKnownFileType = sourcecode.swift; path = LoginView.swift; sourceTree = "<group>"; };
		19EE856629F6918B009BEE96 /* LoginViewModel.swift */ = {isa = PBXFileReference; lastKnownFileType = sourcecode.swift; path = LoginViewModel.swift; sourceTree = "<group>"; };
		19EE856929F691AA009BEE96 /* Validations.swift */ = {isa = PBXFileReference; lastKnownFileType = sourcecode.swift; path = Validations.swift; sourceTree = "<group>"; };
		19EE856C29F79081009BEE96 /* APIHelper.swift */ = {isa = PBXFileReference; lastKnownFileType = sourcecode.swift; path = APIHelper.swift; sourceTree = "<group>"; };
		19EE856F29F79248009BEE96 /* AppURLs.swift */ = {isa = PBXFileReference; lastKnownFileType = sourcecode.swift; path = AppURLs.swift; sourceTree = "<group>"; };
		19EE857429F7A4DA009BEE96 /* LoginModel.swift */ = {isa = PBXFileReference; lastKnownFileType = sourcecode.swift; path = LoginModel.swift; sourceTree = "<group>"; };
		19EE857629F7A9F7009BEE96 /* Constants.swift */ = {isa = PBXFileReference; lastKnownFileType = sourcecode.swift; path = Constants.swift; sourceTree = "<group>"; };
		19EE857829F7B1FB009BEE96 /* TCG-mobile-Info.plist */ = {isa = PBXFileReference; lastKnownFileType = text.plist; path = "TCG-mobile-Info.plist"; sourceTree = SOURCE_ROOT; };
		19EE857929F7D531009BEE96 /* LoadingView.swift */ = {isa = PBXFileReference; lastKnownFileType = sourcecode.swift; path = LoadingView.swift; sourceTree = "<group>"; };
		19EE857E29F7DF93009BEE96 /* credentials.plist */ = {isa = PBXFileReference; fileEncoding = 4; lastKnownFileType = text.plist.xml; path = credentials.plist; sourceTree = "<group>"; };
		19EE858129F8E6C5009BEE96 /* NavigationRoutes.swift */ = {isa = PBXFileReference; lastKnownFileType = sourcecode.swift; path = NavigationRoutes.swift; sourceTree = "<group>"; };
		19EE858729F92A90009BEE96 /* ProductListingViewModel.swift */ = {isa = PBXFileReference; lastKnownFileType = sourcecode.swift; path = ProductListingViewModel.swift; sourceTree = "<group>"; };
		19EE858D29F92AB9009BEE96 /* ProductListingModel.swift */ = {isa = PBXFileReference; lastKnownFileType = sourcecode.swift; path = ProductListingModel.swift; sourceTree = "<group>"; };
		19EE858F29F92B1F009BEE96 /* ProductListingView.swift */ = {isa = PBXFileReference; lastKnownFileType = sourcecode.swift; path = ProductListingView.swift; sourceTree = "<group>"; };
		1F0C305B7CB7DEF9CABD72B3 /* Pods_TCG_mobile.framework */ = {isa = PBXFileReference; explicitFileType = wrapper.framework; includeInIndex = 0; path = Pods_TCG_mobile.framework; sourceTree = BUILT_PRODUCTS_DIR; };
		6CA9DD56BEDC068BE30E7091 /* Pods-TCG mobile.debug.xcconfig */ = {isa = PBXFileReference; includeInIndex = 1; lastKnownFileType = text.xcconfig; name = "Pods-TCG mobile.debug.xcconfig"; path = "Target Support Files/Pods-TCG mobile/Pods-TCG mobile.debug.xcconfig"; sourceTree = "<group>"; };
		F15F5100C1D292607B9B310A /* Pods-TCG mobile.release.xcconfig */ = {isa = PBXFileReference; includeInIndex = 1; lastKnownFileType = text.xcconfig; name = "Pods-TCG mobile.release.xcconfig"; path = "Target Support Files/Pods-TCG mobile/Pods-TCG mobile.release.xcconfig"; sourceTree = "<group>"; };
/* End PBXFileReference section */

/* Begin PBXFrameworksBuildPhase section */
		19EE854829F65E34009BEE96 /* Frameworks */ = {
			isa = PBXFrameworksBuildPhase;
			buildActionMask = 2147483647;
			files = (
				ED1B595F1A029C6CB4BFD361 /* Pods_TCG_mobile.framework in Frameworks */,
			);
			runOnlyForDeploymentPostprocessing = 0;
		};
/* End PBXFrameworksBuildPhase section */

/* Begin PBXGroup section */
		1977518529FA3F7B0023B8E4 /* ProductDescription */ = {
			isa = PBXGroup;
			children = (
				1977518629FA3F930023B8E4 /* Model */,
				1977518729FA3F980023B8E4 /* View */,
				1977518829FA3F9D0023B8E4 /* ViewModel */,
			);
			path = ProductDescription;
			sourceTree = "<group>";
		};
		1977518629FA3F930023B8E4 /* Model */ = {
			isa = PBXGroup;
			children = (
			);
			path = Model;
			sourceTree = "<group>";
		};
		1977518729FA3F980023B8E4 /* View */ = {
			isa = PBXGroup;
			children = (
			);
			path = View;
			sourceTree = "<group>";
		};
		1977518829FA3F9D0023B8E4 /* ViewModel */ = {
			isa = PBXGroup;
			children = (
			);
			path = ViewModel;
			sourceTree = "<group>";
		};
		1977518929FA704A0023B8E4 /* Theme */ = {
			isa = PBXGroup;
			children = (
			);
			path = Theme;
			sourceTree = "<group>";
		};
		19EE854229F65E34009BEE96 = {
			isa = PBXGroup;
			children = (
				19EE854D29F65E34009BEE96 /* TCG mobile */,
				19EE854C29F65E34009BEE96 /* Products */,
				715D1FC6C8F8BF03FFA60683 /* Pods */,
				244A73C643FEE53FC2A781A8 /* Frameworks */,
			);
			sourceTree = "<group>";
		};
		19EE854C29F65E34009BEE96 /* Products */ = {
			isa = PBXGroup;
			children = (
				19EE854B29F65E34009BEE96 /* TCG mobile.app */,
			);
			name = Products;
			sourceTree = "<group>";
		};
		19EE854D29F65E34009BEE96 /* TCG mobile */ = {
			isa = PBXGroup;
			children = (
				19EE857829F7B1FB009BEE96 /* TCG-mobile-Info.plist */,
				19EE857E29F7DF93009BEE96 /* credentials.plist */,
				1977518929FA704A0023B8E4 /* Theme */,
				19EE858029F8E6A1009BEE96 /* Navigation */,
				19EE856E29F79237009BEE96 /* Resources */,
				19EE856B29F78F64009BEE96 /* Services */,
				19EE856829F69196009BEE96 /* Utility */,
				19EE856129F690C0009BEE96 /* Authentication */,
				19EE858329F92A25009BEE96 /* ProductListing */,
				1977518529FA3F7B0023B8E4 /* ProductDescription */,
				19EE855C29F6770B009BEE96 /* ReusableViews */,
				19EE854E29F65E34009BEE96 /* TCG_mobileApp.swift */,
				19EE855229F65E35009BEE96 /* Assets.xcassets */,
				19EE855429F65E35009BEE96 /* Preview Content */,
			);
			path = "TCG mobile";
			sourceTree = "<group>";
		};
		19EE855429F65E35009BEE96 /* Preview Content */ = {
			isa = PBXGroup;
			children = (
				19EE855529F65E35009BEE96 /* Preview Assets.xcassets */,
			);
			path = "Preview Content";
			sourceTree = "<group>";
		};
		19EE855C29F6770B009BEE96 /* ReusableViews */ = {
			isa = PBXGroup;
			children = (
				19EE855D29F6772B009BEE96 /* TextfieldWithIcon.swift */,
				19EE855F29F69044009BEE96 /* HorizoantalLine.swift */,
				19EE857929F7D531009BEE96 /* LoadingView.swift */,
			);
			path = ReusableViews;
			sourceTree = "<group>";
		};
		19EE856129F690C0009BEE96 /* Authentication */ = {
			isa = PBXGroup;
			children = (
				19EE857329F7A4D0009BEE96 /* Model */,
				19EE856329F690EB009BEE96 /* View */,
				19EE856229F690E1009BEE96 /* ViewModel */,
			);
			path = Authentication;
			sourceTree = "<group>";
		};
		19EE856229F690E1009BEE96 /* ViewModel */ = {
			isa = PBXGroup;
			children = (
				19EE856629F6918B009BEE96 /* LoginViewModel.swift */,
			);
			path = ViewModel;
			sourceTree = "<group>";
		};
		19EE856329F690EB009BEE96 /* View */ = {
			isa = PBXGroup;
			children = (
				19EE856429F69101009BEE96 /* LoginView.swift */,
			);
			path = View;
			sourceTree = "<group>";
		};
		19EE856829F69196009BEE96 /* Utility */ = {
			isa = PBXGroup;
			children = (
				19EE856929F691AA009BEE96 /* Validations.swift */,
			);
			path = Utility;
			sourceTree = "<group>";
		};
		19EE856B29F78F64009BEE96 /* Services */ = {
			isa = PBXGroup;
			children = (
				19EE856F29F79248009BEE96 /* AppURLs.swift */,
				19EE856C29F79081009BEE96 /* APIHelper.swift */,
			);
			path = Services;
			sourceTree = "<group>";
		};
		19EE856E29F79237009BEE96 /* Resources */ = {
			isa = PBXGroup;
			children = (
				19EE857629F7A9F7009BEE96 /* Constants.swift */,
			);
			path = Resources;
			sourceTree = "<group>";
		};
		19EE857329F7A4D0009BEE96 /* Model */ = {
			isa = PBXGroup;
			children = (
				19EE857429F7A4DA009BEE96 /* LoginModel.swift */,
			);
			path = Model;
			sourceTree = "<group>";
		};
		19EE858029F8E6A1009BEE96 /* Navigation */ = {
			isa = PBXGroup;
			children = (
				19EE858129F8E6C5009BEE96 /* NavigationRoutes.swift */,
			);
			path = Navigation;
			sourceTree = "<group>";
		};
		19EE858329F92A25009BEE96 /* ProductListing */ = {
			isa = PBXGroup;
			children = (
				19EE858429F92A61009BEE96 /* Model */,
				19EE858529F92A70009BEE96 /* View */,
				19EE858629F92A75009BEE96 /* ViewModel */,
			);
			path = ProductListing;
			sourceTree = "<group>";
		};
		19EE858429F92A61009BEE96 /* Model */ = {
			isa = PBXGroup;
			children = (
				19EE858D29F92AB9009BEE96 /* ProductListingModel.swift */,
			);
			path = Model;
			sourceTree = "<group>";
		};
		19EE858529F92A70009BEE96 /* View */ = {
			isa = PBXGroup;
			children = (
				19EE858F29F92B1F009BEE96 /* ProductListingView.swift */,
			);
			path = View;
			sourceTree = "<group>";
		};
		19EE858629F92A75009BEE96 /* ViewModel */ = {
			isa = PBXGroup;
			children = (
				19EE858729F92A90009BEE96 /* ProductListingViewModel.swift */,
			);
			path = ViewModel;
			sourceTree = "<group>";
		};
		244A73C643FEE53FC2A781A8 /* Frameworks */ = {
			isa = PBXGroup;
			children = (
				1F0C305B7CB7DEF9CABD72B3 /* Pods_TCG_mobile.framework */,
			);
			name = Frameworks;
			sourceTree = "<group>";
		};
		715D1FC6C8F8BF03FFA60683 /* Pods */ = {
			isa = PBXGroup;
			children = (
				6CA9DD56BEDC068BE30E7091 /* Pods-TCG mobile.debug.xcconfig */,
				F15F5100C1D292607B9B310A /* Pods-TCG mobile.release.xcconfig */,
			);
			path = Pods;
			sourceTree = "<group>";
		};
/* End PBXGroup section */

/* Begin PBXNativeTarget section */
		19EE854A29F65E34009BEE96 /* TCG mobile */ = {
			isa = PBXNativeTarget;
			buildConfigurationList = 19EE855929F65E35009BEE96 /* Build configuration list for PBXNativeTarget "TCG mobile" */;
			buildPhases = (
				01BB68DFA7B124A379B27916 /* [CP] Check Pods Manifest.lock */,
				19EE854729F65E34009BEE96 /* Sources */,
				19EE854829F65E34009BEE96 /* Frameworks */,
				19EE854929F65E34009BEE96 /* Resources */,
				70C0F6139A078BD009C7A8D3 /* [CP] Embed Pods Frameworks */,
			);
			buildRules = (
			);
			dependencies = (
			);
			name = "TCG mobile";
			productName = "TCG mobile";
			productReference = 19EE854B29F65E34009BEE96 /* TCG mobile.app */;
			productType = "com.apple.product-type.application";
		};
/* End PBXNativeTarget section */

/* Begin PBXProject section */
		19EE854329F65E34009BEE96 /* Project object */ = {
			isa = PBXProject;
			attributes = {
				BuildIndependentTargetsInParallel = 1;
				LastSwiftUpdateCheck = 1340;
				LastUpgradeCheck = 1340;
				TargetAttributes = {
					19EE854A29F65E34009BEE96 = {
						CreatedOnToolsVersion = 13.4.1;
					};
				};
			};
			buildConfigurationList = 19EE854629F65E34009BEE96 /* Build configuration list for PBXProject "TCG mobile" */;
			compatibilityVersion = "Xcode 13.0";
			developmentRegion = en;
			hasScannedForEncodings = 0;
			knownRegions = (
				en,
				Base,
			);
			mainGroup = 19EE854229F65E34009BEE96;
			productRefGroup = 19EE854C29F65E34009BEE96 /* Products */;
			projectDirPath = "";
			projectRoot = "";
			targets = (
				19EE854A29F65E34009BEE96 /* TCG mobile */,
			);
		};
/* End PBXProject section */

/* Begin PBXResourcesBuildPhase section */
		19EE854929F65E34009BEE96 /* Resources */ = {
			isa = PBXResourcesBuildPhase;
			buildActionMask = 2147483647;
			files = (
				19EE855629F65E35009BEE96 /* Preview Assets.xcassets in Resources */,
				19EE857F29F7DF93009BEE96 /* credentials.plist in Resources */,
				19EE855329F65E35009BEE96 /* Assets.xcassets in Resources */,
			);
			runOnlyForDeploymentPostprocessing = 0;
		};
/* End PBXResourcesBuildPhase section */

/* Begin PBXShellScriptBuildPhase section */
		01BB68DFA7B124A379B27916 /* [CP] Check Pods Manifest.lock */ = {
			isa = PBXShellScriptBuildPhase;
			buildActionMask = 2147483647;
			files = (
			);
			inputFileListPaths = (
			);
			inputPaths = (
				"${PODS_PODFILE_DIR_PATH}/Podfile.lock",
				"${PODS_ROOT}/Manifest.lock",
			);
			name = "[CP] Check Pods Manifest.lock";
			outputFileListPaths = (
			);
			outputPaths = (
				"$(DERIVED_FILE_DIR)/Pods-TCG mobile-checkManifestLockResult.txt",
			);
			runOnlyForDeploymentPostprocessing = 0;
			shellPath = /bin/sh;
			shellScript = "diff \"${PODS_PODFILE_DIR_PATH}/Podfile.lock\" \"${PODS_ROOT}/Manifest.lock\" > /dev/null\nif [ $? != 0 ] ; then\n    # print error to STDERR\n    echo \"error: The sandbox is not in sync with the Podfile.lock. Run 'pod install' or update your CocoaPods installation.\" >&2\n    exit 1\nfi\n# This output is used by Xcode 'outputs' to avoid re-running this script phase.\necho \"SUCCESS\" > \"${SCRIPT_OUTPUT_FILE_0}\"\n";
			showEnvVarsInLog = 0;
		};
		70C0F6139A078BD009C7A8D3 /* [CP] Embed Pods Frameworks */ = {
			isa = PBXShellScriptBuildPhase;
			buildActionMask = 2147483647;
			files = (
			);
			inputFileListPaths = (
				"${PODS_ROOT}/Target Support Files/Pods-TCG mobile/Pods-TCG mobile-frameworks-${CONFIGURATION}-input-files.xcfilelist",
			);
			name = "[CP] Embed Pods Frameworks";
			outputFileListPaths = (
				"${PODS_ROOT}/Target Support Files/Pods-TCG mobile/Pods-TCG mobile-frameworks-${CONFIGURATION}-output-files.xcfilelist",
			);
			runOnlyForDeploymentPostprocessing = 0;
			shellPath = /bin/sh;
			shellScript = "\"${PODS_ROOT}/Target Support Files/Pods-TCG mobile/Pods-TCG mobile-frameworks.sh\"\n";
			showEnvVarsInLog = 0;
		};
/* End PBXShellScriptBuildPhase section */

/* Begin PBXSourcesBuildPhase section */
		19EE854729F65E34009BEE96 /* Sources */ = {
			isa = PBXSourcesBuildPhase;
			buildActionMask = 2147483647;
			files = (
				19EE856D29F79081009BEE96 /* APIHelper.swift in Sources */,
				19EE857729F7A9F7009BEE96 /* Constants.swift in Sources */,
				19EE855E29F6772B009BEE96 /* TextfieldWithIcon.swift in Sources */,
				19EE857A29F7D531009BEE96 /* LoadingView.swift in Sources */,
				19EE856A29F691AA009BEE96 /* Validations.swift in Sources */,
				19EE858229F8E6C5009BEE96 /* NavigationRoutes.swift in Sources */,
				19EE856729F6918B009BEE96 /* LoginViewModel.swift in Sources */,
				19EE854F29F65E34009BEE96 /* TCG_mobileApp.swift in Sources */,
				19EE858829F92A90009BEE96 /* ProductListingViewModel.swift in Sources */,
				19EE857529F7A4DA009BEE96 /* LoginModel.swift in Sources */,
				19EE856529F69101009BEE96 /* LoginView.swift in Sources */,
				19EE856029F69044009BEE96 /* HorizoantalLine.swift in Sources */,
				19EE858E29F92AB9009BEE96 /* ProductListingModel.swift in Sources */,
				19EE859029F92B1F009BEE96 /* ProductListingView.swift in Sources */,
				19EE857029F79248009BEE96 /* AppURLs.swift in Sources */,
			);
			runOnlyForDeploymentPostprocessing = 0;
		};
/* End PBXSourcesBuildPhase section */

/* Begin XCBuildConfiguration section */
		19EE855729F65E35009BEE96 /* Debug */ = {
			isa = XCBuildConfiguration;
			buildSettings = {
				ALWAYS_SEARCH_USER_PATHS = NO;
				CLANG_ANALYZER_NONNULL = YES;
				CLANG_ANALYZER_NUMBER_OBJECT_CONVERSION = YES_AGGRESSIVE;
				CLANG_CXX_LANGUAGE_STANDARD = "gnu++17";
				CLANG_ENABLE_MODULES = YES;
				CLANG_ENABLE_OBJC_ARC = YES;
				CLANG_ENABLE_OBJC_WEAK = YES;
				CLANG_WARN_BLOCK_CAPTURE_AUTORELEASING = YES;
				CLANG_WARN_BOOL_CONVERSION = YES;
				CLANG_WARN_COMMA = YES;
				CLANG_WARN_CONSTANT_CONVERSION = YES;
				CLANG_WARN_DEPRECATED_OBJC_IMPLEMENTATIONS = YES;
				CLANG_WARN_DIRECT_OBJC_ISA_USAGE = YES_ERROR;
				CLANG_WARN_DOCUMENTATION_COMMENTS = YES;
				CLANG_WARN_EMPTY_BODY = YES;
				CLANG_WARN_ENUM_CONVERSION = YES;
				CLANG_WARN_INFINITE_RECURSION = YES;
				CLANG_WARN_INT_CONVERSION = YES;
				CLANG_WARN_NON_LITERAL_NULL_CONVERSION = YES;
				CLANG_WARN_OBJC_IMPLICIT_RETAIN_SELF = YES;
				CLANG_WARN_OBJC_LITERAL_CONVERSION = YES;
				CLANG_WARN_OBJC_ROOT_CLASS = YES_ERROR;
				CLANG_WARN_QUOTED_INCLUDE_IN_FRAMEWORK_HEADER = YES;
				CLANG_WARN_RANGE_LOOP_ANALYSIS = YES;
				CLANG_WARN_STRICT_PROTOTYPES = YES;
				CLANG_WARN_SUSPICIOUS_MOVE = YES;
				CLANG_WARN_UNGUARDED_AVAILABILITY = YES_AGGRESSIVE;
				CLANG_WARN_UNREACHABLE_CODE = YES;
				CLANG_WARN__DUPLICATE_METHOD_MATCH = YES;
				COPY_PHASE_STRIP = NO;
				DEBUG_INFORMATION_FORMAT = dwarf;
				ENABLE_STRICT_OBJC_MSGSEND = YES;
				ENABLE_TESTABILITY = YES;
				GCC_C_LANGUAGE_STANDARD = gnu11;
				GCC_DYNAMIC_NO_PIC = NO;
				GCC_NO_COMMON_BLOCKS = YES;
				GCC_OPTIMIZATION_LEVEL = 0;
				GCC_PREPROCESSOR_DEFINITIONS = (
					"DEBUG=1",
					"$(inherited)",
				);
				GCC_WARN_64_TO_32_BIT_CONVERSION = YES;
				GCC_WARN_ABOUT_RETURN_TYPE = YES_ERROR;
				GCC_WARN_UNDECLARED_SELECTOR = YES;
				GCC_WARN_UNINITIALIZED_AUTOS = YES_AGGRESSIVE;
				GCC_WARN_UNUSED_FUNCTION = YES;
				GCC_WARN_UNUSED_VARIABLE = YES;
				IPHONEOS_DEPLOYMENT_TARGET = 15.5;
				MTL_ENABLE_DEBUG_INFO = INCLUDE_SOURCE;
				MTL_FAST_MATH = YES;
				ONLY_ACTIVE_ARCH = YES;
				SDKROOT = iphoneos;
				SWIFT_ACTIVE_COMPILATION_CONDITIONS = DEBUG;
				SWIFT_OPTIMIZATION_LEVEL = "-Onone";
			};
			name = Debug;
		};
		19EE855829F65E35009BEE96 /* Release */ = {
			isa = XCBuildConfiguration;
			buildSettings = {
				ALWAYS_SEARCH_USER_PATHS = NO;
				CLANG_ANALYZER_NONNULL = YES;
				CLANG_ANALYZER_NUMBER_OBJECT_CONVERSION = YES_AGGRESSIVE;
				CLANG_CXX_LANGUAGE_STANDARD = "gnu++17";
				CLANG_ENABLE_MODULES = YES;
				CLANG_ENABLE_OBJC_ARC = YES;
				CLANG_ENABLE_OBJC_WEAK = YES;
				CLANG_WARN_BLOCK_CAPTURE_AUTORELEASING = YES;
				CLANG_WARN_BOOL_CONVERSION = YES;
				CLANG_WARN_COMMA = YES;
				CLANG_WARN_CONSTANT_CONVERSION = YES;
				CLANG_WARN_DEPRECATED_OBJC_IMPLEMENTATIONS = YES;
				CLANG_WARN_DIRECT_OBJC_ISA_USAGE = YES_ERROR;
				CLANG_WARN_DOCUMENTATION_COMMENTS = YES;
				CLANG_WARN_EMPTY_BODY = YES;
				CLANG_WARN_ENUM_CONVERSION = YES;
				CLANG_WARN_INFINITE_RECURSION = YES;
				CLANG_WARN_INT_CONVERSION = YES;
				CLANG_WARN_NON_LITERAL_NULL_CONVERSION = YES;
				CLANG_WARN_OBJC_IMPLICIT_RETAIN_SELF = YES;
				CLANG_WARN_OBJC_LITERAL_CONVERSION = YES;
				CLANG_WARN_OBJC_ROOT_CLASS = YES_ERROR;
				CLANG_WARN_QUOTED_INCLUDE_IN_FRAMEWORK_HEADER = YES;
				CLANG_WARN_RANGE_LOOP_ANALYSIS = YES;
				CLANG_WARN_STRICT_PROTOTYPES = YES;
				CLANG_WARN_SUSPICIOUS_MOVE = YES;
				CLANG_WARN_UNGUARDED_AVAILABILITY = YES_AGGRESSIVE;
				CLANG_WARN_UNREACHABLE_CODE = YES;
				CLANG_WARN__DUPLICATE_METHOD_MATCH = YES;
				COPY_PHASE_STRIP = NO;
				DEBUG_INFORMATION_FORMAT = "dwarf-with-dsym";
				ENABLE_NS_ASSERTIONS = NO;
				ENABLE_STRICT_OBJC_MSGSEND = YES;
				GCC_C_LANGUAGE_STANDARD = gnu11;
				GCC_NO_COMMON_BLOCKS = YES;
				GCC_WARN_64_TO_32_BIT_CONVERSION = YES;
				GCC_WARN_ABOUT_RETURN_TYPE = YES_ERROR;
				GCC_WARN_UNDECLARED_SELECTOR = YES;
				GCC_WARN_UNINITIALIZED_AUTOS = YES_AGGRESSIVE;
				GCC_WARN_UNUSED_FUNCTION = YES;
				GCC_WARN_UNUSED_VARIABLE = YES;
				IPHONEOS_DEPLOYMENT_TARGET = 15.5;
				MTL_ENABLE_DEBUG_INFO = NO;
				MTL_FAST_MATH = YES;
				SDKROOT = iphoneos;
				SWIFT_COMPILATION_MODE = wholemodule;
				SWIFT_OPTIMIZATION_LEVEL = "-O";
				VALIDATE_PRODUCT = YES;
			};
			name = Release;
		};
		19EE855A29F65E35009BEE96 /* Debug */ = {
			isa = XCBuildConfiguration;
			baseConfigurationReference = 6CA9DD56BEDC068BE30E7091 /* Pods-TCG mobile.debug.xcconfig */;
			buildSettings = {
				ASSETCATALOG_COMPILER_APPICON_NAME = AppIcon;
				ASSETCATALOG_COMPILER_GLOBAL_ACCENT_COLOR_NAME = AccentColor;
				CODE_SIGN_STYLE = Automatic;
				CURRENT_PROJECT_VERSION = 1;
				DEVELOPMENT_ASSET_PATHS = "\"TCG mobile/Preview Content\"";
				ENABLE_PREVIEWS = YES;
				GENERATE_INFOPLIST_FILE = YES;
				INFOPLIST_FILE = "TCG-mobile-Info.plist";
				INFOPLIST_KEY_UIApplicationSceneManifest_Generation = YES;
				INFOPLIST_KEY_UIApplicationSupportsIndirectInputEvents = YES;
				INFOPLIST_KEY_UILaunchScreen_Generation = YES;
				INFOPLIST_KEY_UISupportedInterfaceOrientations_iPad = "UIInterfaceOrientationPortrait UIInterfaceOrientationPortraitUpsideDown UIInterfaceOrientationLandscapeLeft UIInterfaceOrientationLandscapeRight";
				INFOPLIST_KEY_UISupportedInterfaceOrientations_iPhone = "UIInterfaceOrientationPortrait UIInterfaceOrientationLandscapeLeft UIInterfaceOrientationLandscapeRight";
				IPHONEOS_DEPLOYMENT_TARGET = 16.0;
				LD_RUNPATH_SEARCH_PATHS = (
					"$(inherited)",
					"@executable_path/Frameworks",
				);
				MARKETING_VERSION = 1.0;
				PRODUCT_BUNDLE_IDENTIFIER = com.example.tcgProject;
				PRODUCT_NAME = "$(TARGET_NAME)";
				SWIFT_EMIT_LOC_STRINGS = YES;
				SWIFT_VERSION = 5.0;
				TARGETED_DEVICE_FAMILY = "1,2";
			};
			name = Debug;
		};
		19EE855B29F65E35009BEE96 /* Release */ = {
			isa = XCBuildConfiguration;
			baseConfigurationReference = F15F5100C1D292607B9B310A /* Pods-TCG mobile.release.xcconfig */;
			buildSettings = {
				ASSETCATALOG_COMPILER_APPICON_NAME = AppIcon;
				ASSETCATALOG_COMPILER_GLOBAL_ACCENT_COLOR_NAME = AccentColor;
				CODE_SIGN_STYLE = Automatic;
				CURRENT_PROJECT_VERSION = 1;
				DEVELOPMENT_ASSET_PATHS = "\"TCG mobile/Preview Content\"";
				ENABLE_PREVIEWS = YES;
				GENERATE_INFOPLIST_FILE = YES;
				INFOPLIST_FILE = "TCG-mobile-Info.plist";
				INFOPLIST_KEY_UIApplicationSceneManifest_Generation = YES;
				INFOPLIST_KEY_UIApplicationSupportsIndirectInputEvents = YES;
				INFOPLIST_KEY_UILaunchScreen_Generation = YES;
				INFOPLIST_KEY_UISupportedInterfaceOrientations_iPad = "UIInterfaceOrientationPortrait UIInterfaceOrientationPortraitUpsideDown UIInterfaceOrientationLandscapeLeft UIInterfaceOrientationLandscapeRight";
				INFOPLIST_KEY_UISupportedInterfaceOrientations_iPhone = "UIInterfaceOrientationPortrait UIInterfaceOrientationLandscapeLeft UIInterfaceOrientationLandscapeRight";
				IPHONEOS_DEPLOYMENT_TARGET = 16.0;
				LD_RUNPATH_SEARCH_PATHS = (
					"$(inherited)",
					"@executable_path/Frameworks",
				);
				MARKETING_VERSION = 1.0;
				PRODUCT_BUNDLE_IDENTIFIER = com.example.tcgProject;
				PRODUCT_NAME = "$(TARGET_NAME)";
				SWIFT_EMIT_LOC_STRINGS = YES;
				SWIFT_VERSION = 5.0;
				TARGETED_DEVICE_FAMILY = "1,2";
			};
			name = Release;
		};
/* End XCBuildConfiguration section */

/* Begin XCConfigurationList section */
		19EE854629F65E34009BEE96 /* Build configuration list for PBXProject "TCG mobile" */ = {
			isa = XCConfigurationList;
			buildConfigurations = (
				19EE855729F65E35009BEE96 /* Debug */,
				19EE855829F65E35009BEE96 /* Release */,
			);
			defaultConfigurationIsVisible = 0;
			defaultConfigurationName = Release;
		};
		19EE855929F65E35009BEE96 /* Build configuration list for PBXNativeTarget "TCG mobile" */ = {
			isa = XCConfigurationList;
			buildConfigurations = (
				19EE855A29F65E35009BEE96 /* Debug */,
				19EE855B29F65E35009BEE96 /* Release */,
			);
			defaultConfigurationIsVisible = 0;
			defaultConfigurationName = Release;
		};
/* End XCConfigurationList section */
	};
	rootObject = 19EE854329F65E34009BEE96 /* Project object */;
}
